{
  "object": {
    "pins": [
      {
        "package": "Swifter",
        "repositoryURL": "https://github.com/tomieq/swifter.git",
        "state": {
          "branch": null,
          "revision": "bde9ac098db4f9d7b79802532489d629fac1ca96",
          "version": "1.5.7"
        }
      }
    ]
  },
  "version": 1
}
